// !$*UTF8*$!
{
	archiveVersion = 1;
	classes = {
	};
	objectVersion = 46;
	objects = {

/* Begin PBXBuildFile section */
		54C18426F62F752D4C4DED62 /* SQLStatementBuilderSpec.swift in Sources */ = {isa = PBXBuildFile; fileRef = 54C189D1ACB252C5D0EA5A23 /* SQLStatementBuilderSpec.swift */; };
		54C184E364184D92A6728B3E /* MockSQLiteDatabase.swift in Sources */ = {isa = PBXBuildFile; fileRef = 54C18D50365EC660B965D6C6 /* MockSQLiteDatabase.swift */; };
		54C1855FBC533763ADFA59BE /* SQLQueryOperationSpec.swift in Sources */ = {isa = PBXBuildFile; fileRef = 54C18D94B359194F6DD4E9CD /* SQLQueryOperationSpec.swift */; };
		54C186885E57813198BC6001 /* SQLUpdateOperation.swift in Sources */ = {isa = PBXBuildFile; fileRef = 54C18D4DCF995F84AE4C91CD /* SQLUpdateOperation.swift */; };
		54C186E50EEF5852754B634E /* SQLiteOpenHelper.swift in Sources */ = {isa = PBXBuildFile; fileRef = 54C18B4E91F258CF8C5C566C /* SQLiteOpenHelper.swift */; };
		54C1873AE4B479FDA05A2597 /* MockCursor.swift in Sources */ = {isa = PBXBuildFile; fileRef = 54C18C28831FA0F8262C227A /* MockCursor.swift */; };
		54C1893A649A2CAA08ACBAB8 /* SQLStatementBuilderPendingSpec.swift in Sources */ = {isa = PBXBuildFile; fileRef = 54C18AEE345BF89B10D4921E /* SQLStatementBuilderPendingSpec.swift */; };
		54C1899F25C7BEFB63F6976A /* SQLQueryOperation.swift in Sources */ = {isa = PBXBuildFile; fileRef = 54C18062CB7EE55D2D3486D1 /* SQLQueryOperation.swift */; };
		54C18AB29115D0CF38645434 /* SQLQueryOperationPendingSpec.swift in Sources */ = {isa = PBXBuildFile; fileRef = 54C184C9B71D7AC05BBC32CB /* SQLQueryOperationPendingSpec.swift */; };
		54C18CC6D934EA649C190E9D /* SQLStatementBuilder.swift in Sources */ = {isa = PBXBuildFile; fileRef = 54C1871099AA1D09D4EA2674 /* SQLStatementBuilder.swift */; };
		54C18DD77E786FD00137C0FF /* NimbleNogginConfiguration.swift in Sources */ = {isa = PBXBuildFile; fileRef = 54C18E7976CD1A54C394FDAA /* NimbleNogginConfiguration.swift */; };
		54C18E4D4F5A97E91F45E0D6 /* SQLiteOperation.swift in Sources */ = {isa = PBXBuildFile; fileRef = 54C18523FB07F45191F37CC9 /* SQLiteOperation.swift */; };
		54C18F0BE59736BF6B675518 /* SQLStatementBuilderTest.swift in Sources */ = {isa = PBXBuildFile; fileRef = 54C183EB9EAF00A8261ABC65 /* SQLStatementBuilderTest.swift */; };
		A52E80D81B6D1FDA00DE54E7 /* SwiftProtocolsCore.framework in Frameworks */ = {isa = PBXBuildFile; fileRef = A52E80D71B6D1FDA00DE54E7 /* SwiftProtocolsCore.framework */; };
		A55765C01C645449003BA358 /* CocoaLumberjack.framework in Frameworks */ = {isa = PBXBuildFile; fileRef = A55765BF1C645449003BA358 /* CocoaLumberjack.framework */; };
		A55765CE1C6455A6003BA358 /* CocoaLumberjack.framework in CopyFiles */ = {isa = PBXBuildFile; fileRef = A55765C91C6455A6003BA358 /* CocoaLumberjack.framework */; settings = {ATTRIBUTES = (CodeSignOnCopy, RemoveHeadersOnCopy, ); }; };
		A55765CF1C6455A6003BA358 /* CocoaLumberjackSwift.framework in CopyFiles */ = {isa = PBXBuildFile; fileRef = A55765CA1C6455A6003BA358 /* CocoaLumberjackSwift.framework */; settings = {ATTRIBUTES = (CodeSignOnCopy, RemoveHeadersOnCopy, ); }; };
		A55765D01C6455A6003BA358 /* Nimble.framework in CopyFiles */ = {isa = PBXBuildFile; fileRef = A55765CB1C6455A6003BA358 /* Nimble.framework */; settings = {ATTRIBUTES = (CodeSignOnCopy, RemoveHeadersOnCopy, ); }; };
		A55765D11C6455A6003BA358 /* Quick.framework in CopyFiles */ = {isa = PBXBuildFile; fileRef = A55765CC1C6455A6003BA358 /* Quick.framework */; settings = {ATTRIBUTES = (CodeSignOnCopy, RemoveHeadersOnCopy, ); }; };
		A55765D21C6455A6003BA358 /* SwiftProtocolsCore.framework in CopyFiles */ = {isa = PBXBuildFile; fileRef = A55765CD1C6455A6003BA358 /* SwiftProtocolsCore.framework */; settings = {ATTRIBUTES = (CodeSignOnCopy, RemoveHeadersOnCopy, ); }; };
		A55765D31C64CBE4003BA358 /* Nimble.framework in Frameworks */ = {isa = PBXBuildFile; fileRef = A55765CB1C6455A6003BA358 /* Nimble.framework */; };
		A55765D41C64CBE4003BA358 /* Quick.framework in Frameworks */ = {isa = PBXBuildFile; fileRef = A55765CC1C6455A6003BA358 /* Quick.framework */; };
		A59DE1611B82B9ED004EF8DD /* DatabaseFactory.swift in Sources */ = {isa = PBXBuildFile; fileRef = A59DE1601B82B9EC004EF8DD /* DatabaseFactory.swift */; };
		A5B158961B5332C9009CDCB1 /* SwiftProtocolsSQLite.h in Headers */ = {isa = PBXBuildFile; fileRef = A5B158951B5332C9009CDCB1 /* SwiftProtocolsSQLite.h */; settings = {ATTRIBUTES = (Public, ); }; };
		A5B1589D1B5332C9009CDCB1 /* SwiftProtocolsSQLite.framework in Frameworks */ = {isa = PBXBuildFile; fileRef = A5B158921B5332C9009CDCB1 /* SwiftProtocolsSQLite.framework */; };
		A5B158A21B5332C9009CDCB1 /* SwiftProtocolsSQLiteTests.swift in Sources */ = {isa = PBXBuildFile; fileRef = A5B158A11B5332C9009CDCB1 /* SwiftProtocolsSQLiteTests.swift */; };
		A5B158B01B533315009CDCB1 /* Cursor.swift in Sources */ = {isa = PBXBuildFile; fileRef = A5B158AD1B533315009CDCB1 /* Cursor.swift */; };
		A5B158B11B533315009CDCB1 /* SQLiteDatabase.swift in Sources */ = {isa = PBXBuildFile; fileRef = A5B158AE1B533315009CDCB1 /* SQLiteDatabase.swift */; };
		A5C5A58F1B8A6E46001732E3 /* CocoaLumberjackSwift.framework in Frameworks */ = {isa = PBXBuildFile; fileRef = A5C5A58E1B8A6E46001732E3 /* CocoaLumberjackSwift.framework */; };
/* End PBXBuildFile section */

/* Begin PBXContainerItemProxy section */
		A5B1589E1B5332C9009CDCB1 /* PBXContainerItemProxy */ = {
			isa = PBXContainerItemProxy;
			containerPortal = A5B158891B5332C9009CDCB1 /* Project object */;
			proxyType = 1;
			remoteGlobalIDString = A5B158911B5332C9009CDCB1;
			remoteInfo = SwiftProtocolsSQLite;
		};
/* End PBXContainerItemProxy section */

/* Begin PBXCopyFilesBuildPhase section */
		A55765C81C645572003BA358 /* CopyFiles */ = {
			isa = PBXCopyFilesBuildPhase;
			buildActionMask = 2147483647;
			dstPath = "";
			dstSubfolderSpec = 10;
			files = (
				A55765CE1C6455A6003BA358 /* CocoaLumberjack.framework in CopyFiles */,
				A55765CF1C6455A6003BA358 /* CocoaLumberjackSwift.framework in CopyFiles */,
				A55765D01C6455A6003BA358 /* Nimble.framework in CopyFiles */,
				A55765D11C6455A6003BA358 /* Quick.framework in CopyFiles */,
				A55765D21C6455A6003BA358 /* SwiftProtocolsCore.framework in CopyFiles */,
			);
			runOnlyForDeploymentPostprocessing = 0;
		};
/* End PBXCopyFilesBuildPhase section */

/* Begin PBXFileReference section */
		54C18062CB7EE55D2D3486D1 /* SQLQueryOperation.swift */ = {isa = PBXFileReference; fileEncoding = 4; lastKnownFileType = sourcecode.swift; path = SQLQueryOperation.swift; sourceTree = "<group>"; };
		54C183EB9EAF00A8261ABC65 /* SQLStatementBuilderTest.swift */ = {isa = PBXFileReference; fileEncoding = 4; lastKnownFileType = sourcecode.swift; path = SQLStatementBuilderTest.swift; sourceTree = "<group>"; };
		54C184C9B71D7AC05BBC32CB /* SQLQueryOperationPendingSpec.swift */ = {isa = PBXFileReference; fileEncoding = 4; lastKnownFileType = sourcecode.swift; path = SQLQueryOperationPendingSpec.swift; sourceTree = "<group>"; };
		54C18523FB07F45191F37CC9 /* SQLiteOperation.swift */ = {isa = PBXFileReference; fileEncoding = 4; lastKnownFileType = sourcecode.swift; path = SQLiteOperation.swift; sourceTree = "<group>"; };
		54C1871099AA1D09D4EA2674 /* SQLStatementBuilder.swift */ = {isa = PBXFileReference; fileEncoding = 4; lastKnownFileType = sourcecode.swift; path = SQLStatementBuilder.swift; sourceTree = "<group>"; };
		54C189D1ACB252C5D0EA5A23 /* SQLStatementBuilderSpec.swift */ = {isa = PBXFileReference; fileEncoding = 4; lastKnownFileType = sourcecode.swift; path = SQLStatementBuilderSpec.swift; sourceTree = "<group>"; };
		54C18AEE345BF89B10D4921E /* SQLStatementBuilderPendingSpec.swift */ = {isa = PBXFileReference; fileEncoding = 4; lastKnownFileType = sourcecode.swift; path = SQLStatementBuilderPendingSpec.swift; sourceTree = "<group>"; };
		54C18B4E91F258CF8C5C566C /* SQLiteOpenHelper.swift */ = {isa = PBXFileReference; fileEncoding = 4; lastKnownFileType = sourcecode.swift; name = SQLiteOpenHelper.swift; path = SwiftProtocolsSQLite/database/util/SQLiteOpenHelper.swift; sourceTree = SOURCE_ROOT; };
		54C18C28831FA0F8262C227A /* MockCursor.swift */ = {isa = PBXFileReference; fileEncoding = 4; lastKnownFileType = sourcecode.swift; path = MockCursor.swift; sourceTree = "<group>"; };
		54C18D4DCF995F84AE4C91CD /* SQLUpdateOperation.swift */ = {isa = PBXFileReference; fileEncoding = 4; lastKnownFileType = sourcecode.swift; path = SQLUpdateOperation.swift; sourceTree = "<group>"; };
		54C18D50365EC660B965D6C6 /* MockSQLiteDatabase.swift */ = {isa = PBXFileReference; fileEncoding = 4; lastKnownFileType = sourcecode.swift; path = MockSQLiteDatabase.swift; sourceTree = "<group>"; };
		54C18D94B359194F6DD4E9CD /* SQLQueryOperationSpec.swift */ = {isa = PBXFileReference; fileEncoding = 4; lastKnownFileType = sourcecode.swift; path = SQLQueryOperationSpec.swift; sourceTree = "<group>"; };
		54C18E7976CD1A54C394FDAA /* NimbleNogginConfiguration.swift */ = {isa = PBXFileReference; fileEncoding = 4; lastKnownFileType = sourcecode.swift; path = NimbleNogginConfiguration.swift; sourceTree = "<group>"; };
		A52E80D71B6D1FDA00DE54E7 /* SwiftProtocolsCore.framework */ = {isa = PBXFileReference; lastKnownFileType = wrapper.framework; name = SwiftProtocolsCore.framework; path = "Carthage/Checkouts/swift-protocols-core/build/Debug-iphoneos/SwiftProtocolsCore.framework"; sourceTree = "<group>"; };
		A55765B61C644B5A003BA358 /* CocoaLumberjackSwift.framework */ = {isa = PBXFileReference; lastKnownFileType = wrapper.framework; name = CocoaLumberjackSwift.framework; path = "Carthage/Checkouts/CocoaLumberjack/build/Debug-iphoneos/CocoaLumberjackSwift.framework"; sourceTree = "<group>"; };
		A55765BF1C645449003BA358 /* CocoaLumberjack.framework */ = {isa = PBXFileReference; lastKnownFileType = wrapper.framework; name = CocoaLumberjack.framework; path = "Carthage/Checkouts/CocoaLumberjack/build/Debug-iphoneos/CocoaLumberjack.framework"; sourceTree = "<group>"; };
		A55765C91C6455A6003BA358 /* CocoaLumberjack.framework */ = {isa = PBXFileReference; lastKnownFileType = wrapper.framework; name = CocoaLumberjack.framework; path = Carthage/Build/iOS/CocoaLumberjack.framework; sourceTree = "<group>"; };
		A55765CA1C6455A6003BA358 /* CocoaLumberjackSwift.framework */ = {isa = PBXFileReference; lastKnownFileType = wrapper.framework; name = CocoaLumberjackSwift.framework; path = Carthage/Build/iOS/CocoaLumberjackSwift.framework; sourceTree = "<group>"; };
		A55765CB1C6455A6003BA358 /* Nimble.framework */ = {isa = PBXFileReference; lastKnownFileType = wrapper.framework; name = Nimble.framework; path = Carthage/Build/iOS/Nimble.framework; sourceTree = "<group>"; };
		A55765CC1C6455A6003BA358 /* Quick.framework */ = {isa = PBXFileReference; lastKnownFileType = wrapper.framework; name = Quick.framework; path = Carthage/Build/iOS/Quick.framework; sourceTree = "<group>"; };
		A55765CD1C6455A6003BA358 /* SwiftProtocolsCore.framework */ = {isa = PBXFileReference; lastKnownFileType = wrapper.framework; name = SwiftProtocolsCore.framework; path = Carthage/Build/iOS/SwiftProtocolsCore.framework; sourceTree = "<group>"; };
		A574A6E31B607EDD0015478F /* CocoaLumberjackSwift.framework */ = {isa = PBXFileReference; lastKnownFileType = wrapper.framework; name = CocoaLumberjackSwift.framework; path = "Carthage/Checkouts/CocoaLumberjack/build/Debug-iphoneos/CocoaLumberjackSwift.framework"; sourceTree = "<group>"; };
		A59DE1601B82B9EC004EF8DD /* DatabaseFactory.swift */ = {isa = PBXFileReference; fileEncoding = 4; lastKnownFileType = sourcecode.swift; path = DatabaseFactory.swift; sourceTree = "<group>"; };
		A5B158921B5332C9009CDCB1 /* SwiftProtocolsSQLite.framework */ = {isa = PBXFileReference; explicitFileType = wrapper.framework; includeInIndex = 0; path = SwiftProtocolsSQLite.framework; sourceTree = BUILT_PRODUCTS_DIR; };
		A5B158951B5332C9009CDCB1 /* SwiftProtocolsSQLite.h */ = {isa = PBXFileReference; lastKnownFileType = sourcecode.c.h; path = SwiftProtocolsSQLite.h; sourceTree = "<group>"; };
		A5B158971B5332C9009CDCB1 /* Info.plist */ = {isa = PBXFileReference; lastKnownFileType = text.plist.xml; path = Info.plist; sourceTree = "<group>"; };
		A5B1589C1B5332C9009CDCB1 /* SwiftProtocolsSQLiteTests.xctest */ = {isa = PBXFileReference; explicitFileType = wrapper.cfbundle; includeInIndex = 0; path = SwiftProtocolsSQLiteTests.xctest; sourceTree = BUILT_PRODUCTS_DIR; };
		A5B158A11B5332C9009CDCB1 /* SwiftProtocolsSQLiteTests.swift */ = {isa = PBXFileReference; lastKnownFileType = sourcecode.swift; path = SwiftProtocolsSQLiteTests.swift; sourceTree = "<group>"; };
		A5B158A31B5332C9009CDCB1 /* Info.plist */ = {isa = PBXFileReference; lastKnownFileType = text.plist.xml; path = Info.plist; sourceTree = "<group>"; };
		A5B158AD1B533315009CDCB1 /* Cursor.swift */ = {isa = PBXFileReference; fileEncoding = 4; lastKnownFileType = sourcecode.swift; path = Cursor.swift; sourceTree = "<group>"; };
		A5B158AE1B533315009CDCB1 /* SQLiteDatabase.swift */ = {isa = PBXFileReference; fileEncoding = 4; lastKnownFileType = sourcecode.swift; path = SQLiteDatabase.swift; sourceTree = "<group>"; };
		A5C5A58E1B8A6E46001732E3 /* CocoaLumberjackSwift.framework */ = {isa = PBXFileReference; lastKnownFileType = wrapper.framework; name = CocoaLumberjackSwift.framework; path = Carthage/Checkouts/CocoaLumberjack/build/Debug/CocoaLumberjackSwift.framework; sourceTree = "<group>"; };
/* End PBXFileReference section */

/* Begin PBXFrameworksBuildPhase section */
		A5B1588E1B5332C9009CDCB1 /* Frameworks */ = {
			isa = PBXFrameworksBuildPhase;
			buildActionMask = 2147483647;
			files = (
				A55765C01C645449003BA358 /* CocoaLumberjack.framework in Frameworks */,
				A5C5A58F1B8A6E46001732E3 /* CocoaLumberjackSwift.framework in Frameworks */,
				A52E80D81B6D1FDA00DE54E7 /* SwiftProtocolsCore.framework in Frameworks */,
			);
			runOnlyForDeploymentPostprocessing = 0;
		};
		A5B158991B5332C9009CDCB1 /* Frameworks */ = {
			isa = PBXFrameworksBuildPhase;
			buildActionMask = 2147483647;
			files = (
				A55765D31C64CBE4003BA358 /* Nimble.framework in Frameworks */,
				A55765D41C64CBE4003BA358 /* Quick.framework in Frameworks */,
				A5B1589D1B5332C9009CDCB1 /* SwiftProtocolsSQLite.framework in Frameworks */,
			);
			runOnlyForDeploymentPostprocessing = 0;
		};
/* End PBXFrameworksBuildPhase section */

/* Begin PBXGroup section */
		54C181CA14E4FCA4C7054A16 /* sql */ = {
			isa = PBXGroup;
			children = (
				54C18AEE345BF89B10D4921E /* SQLStatementBuilderPendingSpec.swift */,
				54C189D1ACB252C5D0EA5A23 /* SQLStatementBuilderSpec.swift */,
				54C184C9B71D7AC05BBC32CB /* SQLQueryOperationPendingSpec.swift */,
				54C18D94B359194F6DD4E9CD /* SQLQueryOperationSpec.swift */,
				54C183EB9EAF00A8261ABC65 /* SQLStatementBuilderTest.swift */,
			);
			path = sql;
			sourceTree = "<group>";
		};
		54C18375F2EB96875C8AEC50 /* helper */ = {
			isa = PBXGroup;
			children = (
				54C18D50365EC660B965D6C6 /* MockSQLiteDatabase.swift */,
				54C18C28831FA0F8262C227A /* MockCursor.swift */,
			);
			path = helper;
			sourceTree = "<group>";
		};
		54C184D58AC104847DEDC2A8 /* util */ = {
			isa = PBXGroup;
			children = (
				54C18B4E91F258CF8C5C566C /* SQLiteOpenHelper.swift */,
			);
			name = util;
			path = SwiftProtocolsSQLite/database/util;
			sourceTree = "<group>";
		};
		54C186C2FC3673C6CC9115B3 /* sql */ = {
			isa = PBXGroup;
			children = (
				54C18523FB07F45191F37CC9 /* SQLiteOperation.swift */,
				54C18062CB7EE55D2D3486D1 /* SQLQueryOperation.swift */,
				54C1871099AA1D09D4EA2674 /* SQLStatementBuilder.swift */,
				54C18D4DCF995F84AE4C91CD /* SQLUpdateOperation.swift */,
			);
			path = sql;
			sourceTree = "<group>";
		};
		54C1894EFC33A96340958FCA /* util */ = {
			isa = PBXGroup;
			children = (
				54C18E7976CD1A54C394FDAA /* NimbleNogginConfiguration.swift */,
			);
			path = util;
			sourceTree = "<group>";
		};
		A5B158881B5332C9009CDCB1 = {
			isa = PBXGroup;
			children = (
				A55765C91C6455A6003BA358 /* CocoaLumberjack.framework */,
				A55765CA1C6455A6003BA358 /* CocoaLumberjackSwift.framework */,
				A55765CB1C6455A6003BA358 /* Nimble.framework */,
				A55765CC1C6455A6003BA358 /* Quick.framework */,
				A55765CD1C6455A6003BA358 /* SwiftProtocolsCore.framework */,
				A55765BF1C645449003BA358 /* CocoaLumberjack.framework */,
				A55765B61C644B5A003BA358 /* CocoaLumberjackSwift.framework */,
				A5C5A58E1B8A6E46001732E3 /* CocoaLumberjackSwift.framework */,
				A52E80D71B6D1FDA00DE54E7 /* SwiftProtocolsCore.framework */,
				A574A6E31B607EDD0015478F /* CocoaLumberjackSwift.framework */,
				A5B158941B5332C9009CDCB1 /* SwiftProtocolsSQLite */,
				A5B158A01B5332C9009CDCB1 /* SwiftProtocolsSQLiteTests */,
				A5B158931B5332C9009CDCB1 /* Products */,
			);
			sourceTree = "<group>";
		};
		A5B158931B5332C9009CDCB1 /* Products */ = {
			isa = PBXGroup;
			children = (
				A5B158921B5332C9009CDCB1 /* SwiftProtocolsSQLite.framework */,
				A5B1589C1B5332C9009CDCB1 /* SwiftProtocolsSQLiteTests.xctest */,
			);
			name = Products;
			sourceTree = "<group>";
		};
		A5B158941B5332C9009CDCB1 /* SwiftProtocolsSQLite */ = {
			isa = PBXGroup;
			children = (
				A5B158AC1B533315009CDCB1 /* database */,
				A5B158951B5332C9009CDCB1 /* SwiftProtocolsSQLite.h */,
				A5B158971B5332C9009CDCB1 /* Info.plist */,
				54C186C2FC3673C6CC9115B3 /* sql */,
			);
			path = SwiftProtocolsSQLite;
			sourceTree = "<group>";
		};
		A5B158A01B5332C9009CDCB1 /* SwiftProtocolsSQLiteTests */ = {
			isa = PBXGroup;
			children = (
				A5B158A11B5332C9009CDCB1 /* SwiftProtocolsSQLiteTests.swift */,
				A5B158A31B5332C9009CDCB1 /* Info.plist */,
				54C181CA14E4FCA4C7054A16 /* sql */,
				54C18375F2EB96875C8AEC50 /* helper */,
				54C1894EFC33A96340958FCA /* util */,
			);
			path = SwiftProtocolsSQLiteTests;
			sourceTree = "<group>";
		};
		A5B158AC1B533315009CDCB1 /* database */ = {
			isa = PBXGroup;
			children = (
				A5B158AD1B533315009CDCB1 /* Cursor.swift */,
				A59DE1601B82B9EC004EF8DD /* DatabaseFactory.swift */,
				A5B158AE1B533315009CDCB1 /* SQLiteDatabase.swift */,
				54C184D58AC104847DEDC2A8 /* util */,
			);
			path = database;
			sourceTree = "<group>";
		};
/* End PBXGroup section */

/* Begin PBXHeadersBuildPhase section */
		A5B1588F1B5332C9009CDCB1 /* Headers */ = {
			isa = PBXHeadersBuildPhase;
			buildActionMask = 2147483647;
			files = (
				A5B158961B5332C9009CDCB1 /* SwiftProtocolsSQLite.h in Headers */,
			);
			runOnlyForDeploymentPostprocessing = 0;
		};
/* End PBXHeadersBuildPhase section */

/* Begin PBXNativeTarget section */
		A5B158911B5332C9009CDCB1 /* SwiftProtocolsSQLite */ = {
			isa = PBXNativeTarget;
			buildConfigurationList = A5B158A61B5332C9009CDCB1 /* Build configuration list for PBXNativeTarget "SwiftProtocolsSQLite" */;
			buildPhases = (
				A5B1588D1B5332C9009CDCB1 /* Sources */,
				A5B1588E1B5332C9009CDCB1 /* Frameworks */,
				A5B1588F1B5332C9009CDCB1 /* Headers */,
				A5B158901B5332C9009CDCB1 /* Resources */,
			);
			buildRules = (
			);
			dependencies = (
			);
			name = SwiftProtocolsSQLite;
			productName = SwiftProtocolsSQLite;
			productReference = A5B158921B5332C9009CDCB1 /* SwiftProtocolsSQLite.framework */;
			productType = "com.apple.product-type.framework";
		};
		A5B1589B1B5332C9009CDCB1 /* SwiftProtocolsSQLiteTests */ = {
			isa = PBXNativeTarget;
			buildConfigurationList = A5B158A91B5332C9009CDCB1 /* Build configuration list for PBXNativeTarget "SwiftProtocolsSQLiteTests" */;
			buildPhases = (
				A5B158981B5332C9009CDCB1 /* Sources */,
				A5B158991B5332C9009CDCB1 /* Frameworks */,
				A5B1589A1B5332C9009CDCB1 /* Resources */,
				A55765C81C645572003BA358 /* CopyFiles */,
			);
			buildRules = (
			);
			dependencies = (
				A5B1589F1B5332C9009CDCB1 /* PBXTargetDependency */,
			);
			name = SwiftProtocolsSQLiteTests;
			productName = SwiftProtocolsSQLiteTests;
			productReference = A5B1589C1B5332C9009CDCB1 /* SwiftProtocolsSQLiteTests.xctest */;
			productType = "com.apple.product-type.bundle.unit-test";
		};
/* End PBXNativeTarget section */

/* Begin PBXProject section */
		A5B158891B5332C9009CDCB1 /* Project object */ = {
			isa = PBXProject;
			attributes = {
				LastUpgradeCheck = 0700;
				ORGANIZATIONNAME = NimbleNoggin.io;
				TargetAttributes = {
					A5B158911B5332C9009CDCB1 = {
						CreatedOnToolsVersion = 7.0;
					};
					A5B1589B1B5332C9009CDCB1 = {
						CreatedOnToolsVersion = 7.0;
					};
				};
			};
			buildConfigurationList = A5B1588C1B5332C9009CDCB1 /* Build configuration list for PBXProject "SwiftProtocolsSQLite" */;
			compatibilityVersion = "Xcode 3.2";
			developmentRegion = English;
			hasScannedForEncodings = 0;
			knownRegions = (
				en,
			);
			mainGroup = A5B158881B5332C9009CDCB1;
			productRefGroup = A5B158931B5332C9009CDCB1 /* Products */;
			projectDirPath = "";
			projectRoot = "";
			targets = (
				A5B158911B5332C9009CDCB1 /* SwiftProtocolsSQLite */,
				A5B1589B1B5332C9009CDCB1 /* SwiftProtocolsSQLiteTests */,
			);
		};
/* End PBXProject section */

/* Begin PBXResourcesBuildPhase section */
		A5B158901B5332C9009CDCB1 /* Resources */ = {
			isa = PBXResourcesBuildPhase;
			buildActionMask = 2147483647;
			files = (
			);
			runOnlyForDeploymentPostprocessing = 0;
		};
		A5B1589A1B5332C9009CDCB1 /* Resources */ = {
			isa = PBXResourcesBuildPhase;
			buildActionMask = 2147483647;
			files = (
			);
			runOnlyForDeploymentPostprocessing = 0;
		};
/* End PBXResourcesBuildPhase section */

/* Begin PBXSourcesBuildPhase section */
		A5B1588D1B5332C9009CDCB1 /* Sources */ = {
			isa = PBXSourcesBuildPhase;
			buildActionMask = 2147483647;
			files = (
				A5B158B11B533315009CDCB1 /* SQLiteDatabase.swift in Sources */,
				A5B158B01B533315009CDCB1 /* Cursor.swift in Sources */,
				54C18CC6D934EA649C190E9D /* SQLStatementBuilder.swift in Sources */,
				54C186E50EEF5852754B634E /* SQLiteOpenHelper.swift in Sources */,
				54C18E4D4F5A97E91F45E0D6 /* SQLiteOperation.swift in Sources */,
				A59DE1611B82B9ED004EF8DD /* DatabaseFactory.swift in Sources */,
				54C186885E57813198BC6001 /* SQLUpdateOperation.swift in Sources */,
				54C1899F25C7BEFB63F6976A /* SQLQueryOperation.swift in Sources */,
			);
			runOnlyForDeploymentPostprocessing = 0;
		};
		A5B158981B5332C9009CDCB1 /* Sources */ = {
			isa = PBXSourcesBuildPhase;
			buildActionMask = 2147483647;
			files = (
				A5B158A21B5332C9009CDCB1 /* SwiftProtocolsSQLiteTests.swift in Sources */,
				54C1893A649A2CAA08ACBAB8 /* SQLStatementBuilderPendingSpec.swift in Sources */,
				54C18426F62F752D4C4DED62 /* SQLStatementBuilderSpec.swift in Sources */,
				54C18AB29115D0CF38645434 /* SQLQueryOperationPendingSpec.swift in Sources */,
				54C1855FBC533763ADFA59BE /* SQLQueryOperationSpec.swift in Sources */,
				54C184E364184D92A6728B3E /* MockSQLiteDatabase.swift in Sources */,
				54C1873AE4B479FDA05A2597 /* MockCursor.swift in Sources */,
				54C18DD77E786FD00137C0FF /* NimbleNogginConfiguration.swift in Sources */,
				54C18F0BE59736BF6B675518 /* SQLStatementBuilderTest.swift in Sources */,
			);
			runOnlyForDeploymentPostprocessing = 0;
		};
/* End PBXSourcesBuildPhase section */

/* Begin PBXTargetDependency section */
		A5B1589F1B5332C9009CDCB1 /* PBXTargetDependency */ = {
			isa = PBXTargetDependency;
			target = A5B158911B5332C9009CDCB1 /* SwiftProtocolsSQLite */;
			targetProxy = A5B1589E1B5332C9009CDCB1 /* PBXContainerItemProxy */;
		};
/* End PBXTargetDependency section */

/* Begin XCBuildConfiguration section */
		A5B158A41B5332C9009CDCB1 /* Debug */ = {
			isa = XCBuildConfiguration;
			buildSettings = {
				ALWAYS_SEARCH_USER_PATHS = NO;
				CLANG_CXX_LANGUAGE_STANDARD = "gnu++0x";
				CLANG_CXX_LIBRARY = "libc++";
				CLANG_ENABLE_MODULES = YES;
				CLANG_ENABLE_OBJC_ARC = YES;
				CLANG_WARN_BOOL_CONVERSION = YES;
				CLANG_WARN_CONSTANT_CONVERSION = YES;
				CLANG_WARN_DIRECT_OBJC_ISA_USAGE = YES_ERROR;
				CLANG_WARN_EMPTY_BODY = YES;
				CLANG_WARN_ENUM_CONVERSION = YES;
				CLANG_WARN_INT_CONVERSION = YES;
				CLANG_WARN_OBJC_ROOT_CLASS = YES_ERROR;
				CLANG_WARN_UNREACHABLE_CODE = YES;
				CLANG_WARN__DUPLICATE_METHOD_MATCH = YES;
				"CODE_SIGN_IDENTITY[sdk=iphoneos*]" = "iPhone Developer";
				COPY_PHASE_STRIP = NO;
				CURRENT_PROJECT_VERSION = 1;
				DEBUG_INFORMATION_FORMAT = dwarf;
				EMBEDDED_CONTENT_CONTAINS_SWIFT = YES;
				ENABLE_STRICT_OBJC_MSGSEND = YES;
				ENABLE_TESTABILITY = YES;
				GCC_C_LANGUAGE_STANDARD = gnu99;
				GCC_DYNAMIC_NO_PIC = NO;
				GCC_NO_COMMON_BLOCKS = YES;
				GCC_OPTIMIZATION_LEVEL = 0;
				GCC_PREPROCESSOR_DEFINITIONS = (
					"DEBUG=1",
					"$(inherited)",
				);
				GCC_WARN_64_TO_32_BIT_CONVERSION = YES;
				GCC_WARN_ABOUT_RETURN_TYPE = YES_ERROR;
				GCC_WARN_UNDECLARED_SELECTOR = YES;
				GCC_WARN_UNINITIALIZED_AUTOS = YES_AGGRESSIVE;
				GCC_WARN_UNUSED_FUNCTION = YES;
				GCC_WARN_UNUSED_VARIABLE = YES;
				IPHONEOS_DEPLOYMENT_TARGET = 8.0;
				MTL_ENABLE_DEBUG_INFO = YES;
				ONLY_ACTIVE_ARCH = YES;
				SDKROOT = iphoneos;
				SWIFT_OPTIMIZATION_LEVEL = "-Onone";
				TARGETED_DEVICE_FAMILY = "1,2";
				VERSIONING_SYSTEM = "apple-generic";
				VERSION_INFO_PREFIX = "";
			};
			name = Debug;
		};
		A5B158A51B5332C9009CDCB1 /* Release */ = {
			isa = XCBuildConfiguration;
			buildSettings = {
				ALWAYS_SEARCH_USER_PATHS = NO;
				CLANG_CXX_LANGUAGE_STANDARD = "gnu++0x";
				CLANG_CXX_LIBRARY = "libc++";
				CLANG_ENABLE_MODULES = YES;
				CLANG_ENABLE_OBJC_ARC = YES;
				CLANG_WARN_BOOL_CONVERSION = YES;
				CLANG_WARN_CONSTANT_CONVERSION = YES;
				CLANG_WARN_DIRECT_OBJC_ISA_USAGE = YES_ERROR;
				CLANG_WARN_EMPTY_BODY = YES;
				CLANG_WARN_ENUM_CONVERSION = YES;
				CLANG_WARN_INT_CONVERSION = YES;
				CLANG_WARN_OBJC_ROOT_CLASS = YES_ERROR;
				CLANG_WARN_UNREACHABLE_CODE = YES;
				CLANG_WARN__DUPLICATE_METHOD_MATCH = YES;
				"CODE_SIGN_IDENTITY[sdk=iphoneos*]" = "iPhone Developer";
				COPY_PHASE_STRIP = NO;
				CURRENT_PROJECT_VERSION = 1;
				DEBUG_INFORMATION_FORMAT = "dwarf-with-dsym";
				EMBEDDED_CONTENT_CONTAINS_SWIFT = YES;
				ENABLE_NS_ASSERTIONS = NO;
				ENABLE_STRICT_OBJC_MSGSEND = YES;
				GCC_C_LANGUAGE_STANDARD = gnu99;
				GCC_NO_COMMON_BLOCKS = YES;
				GCC_WARN_64_TO_32_BIT_CONVERSION = YES;
				GCC_WARN_ABOUT_RETURN_TYPE = YES_ERROR;
				GCC_WARN_UNDECLARED_SELECTOR = YES;
				GCC_WARN_UNINITIALIZED_AUTOS = YES_AGGRESSIVE;
				GCC_WARN_UNUSED_FUNCTION = YES;
				GCC_WARN_UNUSED_VARIABLE = YES;
				IPHONEOS_DEPLOYMENT_TARGET = 8.0;
				MTL_ENABLE_DEBUG_INFO = NO;
				SDKROOT = iphoneos;
				TARGETED_DEVICE_FAMILY = "1,2";
				VALIDATE_PRODUCT = YES;
				VERSIONING_SYSTEM = "apple-generic";
				VERSION_INFO_PREFIX = "";
			};
			name = Release;
		};
		A5B158A71B5332C9009CDCB1 /* Debug */ = {
			isa = XCBuildConfiguration;
			buildSettings = {
				DEFINES_MODULE = YES;
				DYLIB_COMPATIBILITY_VERSION = 1;
				DYLIB_CURRENT_VERSION = 1;
				DYLIB_INSTALL_NAME_BASE = "@rpath";
				EMBEDDED_CONTENT_CONTAINS_SWIFT = YES;
				FRAMEWORK_SEARCH_PATHS = (
					"$(SRCROOT)/**",
					"$(PROJECT_DIR)/Carthage/Checkouts/swift-protocols-core/build/Debug-iphoneos",
					"$(PROJECT_DIR)/Carthage/Checkouts/CocoaLumberjack/build/Debug",
					"$(PROJECT_DIR)/Carthage/Checkouts/CocoaLumberjack/build/Debug-iphoneos",
				);
				INFOPLIST_FILE = SwiftProtocolsSQLite/Info.plist;
				INSTALL_PATH = "$(LOCAL_LIBRARY_DIR)/Frameworks";
				IPHONEOS_DEPLOYMENT_TARGET = 8.0;
				LD_RUNPATH_SEARCH_PATHS = "$(inherited) @executable_path/Frameworks @loader_path/Frameworks";
				PRODUCT_BUNDLE_IDENTIFIER = io.nimblenoggin.SwiftProtocolsSQLite;
				PRODUCT_NAME = "$(TARGET_NAME)";
				SKIP_INSTALL = YES;
				SUPPORTED_PLATFORMS = "iphonesimulator iphoneos";
				VALID_ARCHS = "arm64 armv7 armv7s i386";
			};
			name = Debug;
		};
		A5B158A81B5332C9009CDCB1 /* Release */ = {
			isa = XCBuildConfiguration;
			buildSettings = {
				DEFINES_MODULE = YES;
				DYLIB_COMPATIBILITY_VERSION = 1;
				DYLIB_CURRENT_VERSION = 1;
				DYLIB_INSTALL_NAME_BASE = "@rpath";
				EMBEDDED_CONTENT_CONTAINS_SWIFT = YES;
				FRAMEWORK_SEARCH_PATHS = (
					"$(SRCROOT)/**",
					"$(PROJECT_DIR)/Carthage/Checkouts/swift-protocols-core/build/Debug-iphoneos",
					"$(PROJECT_DIR)/Carthage/Checkouts/CocoaLumberjack/build/Debug",
					"$(PROJECT_DIR)/Carthage/Checkouts/CocoaLumberjack/build/Debug-iphoneos",
				);
				INFOPLIST_FILE = SwiftProtocolsSQLite/Info.plist;
				INSTALL_PATH = "$(LOCAL_LIBRARY_DIR)/Frameworks";
				IPHONEOS_DEPLOYMENT_TARGET = 8.0;
				LD_RUNPATH_SEARCH_PATHS = "$(inherited) @executable_path/Frameworks @loader_path/Frameworks";
				PRODUCT_BUNDLE_IDENTIFIER = io.nimblenoggin.SwiftProtocolsSQLite;
				PRODUCT_NAME = "$(TARGET_NAME)";
				SKIP_INSTALL = YES;
				SUPPORTED_PLATFORMS = "iphonesimulator iphoneos";
				VALID_ARCHS = "arm64 armv7 armv7s i386";
			};
			name = Release;
		};
		A5B158AA1B5332C9009CDCB1 /* Debug */ = {
			isa = XCBuildConfiguration;
			buildSettings = {
				EMBEDDED_CONTENT_CONTAINS_SWIFT = YES;
				FRAMEWORK_SEARCH_PATHS = (
					"$(inherited)",
					"$(PROJECT_DIR)/Carthage/Build/iOS/**",
					"$(PROJECT_DIR)/Carthage/Build/iOS",
				);
				INFOPLIST_FILE = SwiftProtocolsSQLiteTests/Info.plist;
				LD_RUNPATH_SEARCH_PATHS = "$(inherited) @executable_path/Frameworks @loader_path/Frameworks $(PROJECT_DIR}/Carthage/Build/iOS/CocoaLumberjack.framework";
				PRODUCT_BUNDLE_IDENTIFIER = io.nimblenoggin.SwiftProtocolsSQLiteTests;
				PRODUCT_NAME = "$(TARGET_NAME)";
			};
			name = Debug;
		};
		A5B158AB1B5332C9009CDCB1 /* Release */ = {
			isa = XCBuildConfiguration;
			buildSettings = {
				EMBEDDED_CONTENT_CONTAINS_SWIFT = YES;
				FRAMEWORK_SEARCH_PATHS = (
					"$(inherited)",
					"$(PROJECT_DIR)/Carthage/Build/iOS/**",
					"$(PROJECT_DIR)/Carthage/Build/iOS",
				);
				INFOPLIST_FILE = SwiftProtocolsSQLiteTests/Info.plist;
				LD_RUNPATH_SEARCH_PATHS = "$(inherited) @executable_path/Frameworks @loader_path/Frameworks $(PROJECT_DIR}/Carthage/Build/iOS/CocoaLumberjack.framework";
				PRODUCT_BUNDLE_IDENTIFIER = io.nimblenoggin.SwiftProtocolsSQLiteTests;
				PRODUCT_NAME = "$(TARGET_NAME)";
			};
			name = Release;
		};
/* End XCBuildConfiguration section */

/* Begin XCConfigurationList section */
		A5B1588C1B5332C9009CDCB1 /* Build configuration list for PBXProject "SwiftProtocolsSQLite" */ = {
			isa = XCConfigurationList;
			buildConfigurations = (
				A5B158A41B5332C9009CDCB1 /* Debug */,
				A5B158A51B5332C9009CDCB1 /* Release */,
			);
			defaultConfigurationIsVisible = 0;
			defaultConfigurationName = Release;
		};
		A5B158A61B5332C9009CDCB1 /* Build configuration list for PBXNativeTarget "SwiftProtocolsSQLite" */ = {
			isa = XCConfigurationList;
			buildConfigurations = (
				A5B158A71B5332C9009CDCB1 /* Debug */,
				A5B158A81B5332C9009CDCB1 /* Release */,
			);
			defaultConfigurationIsVisible = 0;
			defaultConfigurationName = Release;
		};
		A5B158A91B5332C9009CDCB1 /* Build configuration list for PBXNativeTarget "SwiftProtocolsSQLiteTests" */ = {
			isa = XCConfigurationList;
			buildConfigurations = (
				A5B158AA1B5332C9009CDCB1 /* Debug */,
				A5B158AB1B5332C9009CDCB1 /* Release */,
			);
			defaultConfigurationIsVisible = 0;
			defaultConfigurationName = Release;
		};
/* End XCConfigurationList section */
	};
	rootObject = A5B158891B5332C9009CDCB1 /* Project object */;
}
